// !$*UTF8*$!
{
	archiveVersion = 1;
	classes = {
	};
	objectVersion = 46;
	objects = {

/* Begin PBXBuildFile section */
		4801DB571E19712A006B01BA /* EditPlanVC.swift in Sources */ = {isa = PBXBuildFile; fileRef = 4801DB561E19712A006B01BA /* EditPlanVC.swift */; };
		480F84641E1583F300E7596E /* PatientCell.swift in Sources */ = {isa = PBXBuildFile; fileRef = 480F84631E1583F300E7596E /* PatientCell.swift */; };
		4814FB081E173F06007D00C4 /* AddPlanVC.swift in Sources */ = {isa = PBXBuildFile; fileRef = 4814FB071E173F06007D00C4 /* AddPlanVC.swift */; };
		482C97EC1E1082BD0048756D /* MaterialButton.swift in Sources */ = {isa = PBXBuildFile; fileRef = 482C97EB1E1082BD0048756D /* MaterialButton.swift */; };
		482C97EE1E10845B0048756D /* ConfirmVC.swift in Sources */ = {isa = PBXBuildFile; fileRef = 482C97ED1E10845B0048756D /* ConfirmVC.swift */; };
		482C97F01E10852A0048756D /* MaterialTxtFld.swift in Sources */ = {isa = PBXBuildFile; fileRef = 482C97EF1E10852A0048756D /* MaterialTxtFld.swift */; };
		482CAA221E241A3800CCED44 /* Reachability.swift in Sources */ = {isa = PBXBuildFile; fileRef = 482CAA211E241A3800CCED44 /* Reachability.swift */; };
		488C78891E11F236009C5549 /* Medication.swift in Sources */ = {isa = PBXBuildFile; fileRef = 488C78881E11F236009C5549 /* Medication.swift */; };
		488F218B1E14A3CC00084B5D /* LoginVC.swift in Sources */ = {isa = PBXBuildFile; fileRef = 488F218A1E14A3CC00084B5D /* LoginVC.swift */; };
		48A3EC561DFCCD7900683867 /* AppDelegate.swift in Sources */ = {isa = PBXBuildFile; fileRef = 48A3EC551DFCCD7900683867 /* AppDelegate.swift */; };
		48A3EC5B1DFCCD7900683867 /* Main.storyboard in Resources */ = {isa = PBXBuildFile; fileRef = 48A3EC591DFCCD7900683867 /* Main.storyboard */; };
		48A3EC5D1DFCCD7900683867 /* Assets.xcassets in Resources */ = {isa = PBXBuildFile; fileRef = 48A3EC5C1DFCCD7900683867 /* Assets.xcassets */; };
		48A3EC601DFCCD7900683867 /* LaunchScreen.storyboard in Resources */ = {isa = PBXBuildFile; fileRef = 48A3EC5E1DFCCD7900683867 /* LaunchScreen.storyboard */; };
		48A3EC6B1DFCCD7A00683867 /* ProfileTests.swift in Sources */ = {isa = PBXBuildFile; fileRef = 48A3EC6A1DFCCD7A00683867 /* ProfileTests.swift */; };
		48A3EC7B1DFCCE0900683867 /* MainVC.swift in Sources */ = {isa = PBXBuildFile; fileRef = 48A3EC7A1DFCCE0900683867 /* MainVC.swift */; };
		48A3EC7F1DFCD0C300683867 /* Plan.swift in Sources */ = {isa = PBXBuildFile; fileRef = 48A3EC7E1DFCD0C300683867 /* Plan.swift */; };
		48AEA3101E1EC0BD00623C5B /* PatientMedsCell.swift in Sources */ = {isa = PBXBuildFile; fileRef = 48AEA30F1E1EC0BD00623C5B /* PatientMedsCell.swift */; };
		48AEA3121E1EC61500623C5B /* PatientMedDetailVC.swift in Sources */ = {isa = PBXBuildFile; fileRef = 48AEA3111E1EC61500623C5B /* PatientMedDetailVC.swift */; };
		48B653691E16A29F00EB2327 /* AdminPatientViewVC.swift in Sources */ = {isa = PBXBuildFile; fileRef = 48B653681E16A29F00EB2327 /* AdminPatientViewVC.swift */; };
		48B6536B1E16AACB00EB2327 /* MaterialViewRoundedCorner.swift in Sources */ = {isa = PBXBuildFile; fileRef = 48B6536A1E16AACB00EB2327 /* MaterialViewRoundedCorner.swift */; };
		48B6536D1E16B2FB00EB2327 /* AdminPlanVC.swift in Sources */ = {isa = PBXBuildFile; fileRef = 48B6536C1E16B2FB00EB2327 /* AdminPlanVC.swift */; };
		48B6536F1E16B31100EB2327 /* AdminMedsVC.swift in Sources */ = {isa = PBXBuildFile; fileRef = 48B6536E1E16B31000EB2327 /* AdminMedsVC.swift */; };
		48BED37C1E1D6CD100EFF7EF /* EditMedVC.swift in Sources */ = {isa = PBXBuildFile; fileRef = 48BED37B1E1D6CD100EFF7EF /* EditMedVC.swift */; };
		48C7470C1E136A9E0096682F /* Codes.swift in Sources */ = {isa = PBXBuildFile; fileRef = 48C7470B1E136A9E0096682F /* Codes.swift */; };
		48C7470E1E136C280096682F /* DataService.swift in Sources */ = {isa = PBXBuildFile; fileRef = 48C7470D1E136C280096682F /* DataService.swift */; };
		48C747101E136D540096682F /* Constants.swift in Sources */ = {isa = PBXBuildFile; fileRef = 48C7470F1E136D540096682F /* Constants.swift */; };
		48D9AA341E1D5A2100F2C0BB /* AddMedVC.swift in Sources */ = {isa = PBXBuildFile; fileRef = 48D9AA331E1D5A2100F2C0BB /* AddMedVC.swift */; };
		48DDF2F51E1375EA003A1C89 /* RegisterVC.swift in Sources */ = {isa = PBXBuildFile; fileRef = 48DDF2F41E1375EA003A1C89 /* RegisterVC.swift */; };
		48DFE19E1E1748700098AF36 /* MaterialTextView.swift in Sources */ = {isa = PBXBuildFile; fileRef = 48DFE19D1E1748700098AF36 /* MaterialTextView.swift */; };
		48E043431E135B3F003237ED /* AuthService.swift in Sources */ = {isa = PBXBuildFile; fileRef = 48E043421E135B3F003237ED /* AuthService.swift */; };
		48E7E0D01E1EA731005772E6 /* PatientMedsVC.swift in Sources */ = {isa = PBXBuildFile; fileRef = 48E7E0CF1E1EA731005772E6 /* PatientMedsVC.swift */; };
		48E9365F1E143A7600726A8E /* AdminMainVC.swift in Sources */ = {isa = PBXBuildFile; fileRef = 48E9365E1E143A7600726A8E /* AdminMainVC.swift */; };
		48E936611E143A8400726A8E /* PatientMainVC.swift in Sources */ = {isa = PBXBuildFile; fileRef = 48E936601E143A8400726A8E /* PatientMainVC.swift */; };
		48F1737D1E1C492B0096F1C2 /* MedsCell.swift in Sources */ = {isa = PBXBuildFile; fileRef = 48F1737C1E1C492B0096F1C2 /* MedsCell.swift */; };
		48F1737F1E1C4E360096F1C2 /* AdminMedsDetailVC.swift in Sources */ = {isa = PBXBuildFile; fileRef = 48F1737E1E1C4E360096F1C2 /* AdminMedsDetailVC.swift */; };
		48F9C6C01E15A27200392CE6 /* MaterialView.swift in Sources */ = {isa = PBXBuildFile; fileRef = 48F9C6BF1E15A27200392CE6 /* MaterialView.swift */; };
		48F9C6C21E15A57400392CE6 /* Patient.swift in Sources */ = {isa = PBXBuildFile; fileRef = 48F9C6C11E15A57400392CE6 /* Patient.swift */; };
/* End PBXBuildFile section */

/* Begin PBXContainerItemProxy section */
		48A3EC671DFCCD7A00683867 /* PBXContainerItemProxy */ = {
			isa = PBXContainerItemProxy;
			containerPortal = 48A3EC4A1DFCCD7900683867 /* Project object */;
			proxyType = 1;
			remoteGlobalIDString = 48A3EC511DFCCD7900683867;
			remoteInfo = Profile;
		};
/* End PBXContainerItemProxy section */

/* Begin PBXFileReference section */
		4801DB561E19712A006B01BA /* EditPlanVC.swift */ = {isa = PBXFileReference; fileEncoding = 4; lastKnownFileType = sourcecode.swift; path = EditPlanVC.swift; sourceTree = "<group>"; };
		480F84631E1583F300E7596E /* PatientCell.swift */ = {isa = PBXFileReference; fileEncoding = 4; lastKnownFileType = sourcecode.swift; path = PatientCell.swift; sourceTree = "<group>"; };
		4814FB071E173F06007D00C4 /* AddPlanVC.swift */ = {isa = PBXFileReference; fileEncoding = 4; lastKnownFileType = sourcecode.swift; path = AddPlanVC.swift; sourceTree = "<group>"; };
		482C97EB1E1082BD0048756D /* MaterialButton.swift */ = {isa = PBXFileReference; fileEncoding = 4; lastKnownFileType = sourcecode.swift; path = MaterialButton.swift; sourceTree = "<group>"; };
		482C97ED1E10845B0048756D /* ConfirmVC.swift */ = {isa = PBXFileReference; fileEncoding = 4; lastKnownFileType = sourcecode.swift; path = ConfirmVC.swift; sourceTree = "<group>"; };
		482C97EF1E10852A0048756D /* MaterialTxtFld.swift */ = {isa = PBXFileReference; fileEncoding = 4; lastKnownFileType = sourcecode.swift; path = MaterialTxtFld.swift; sourceTree = "<group>"; };
		482CAA211E241A3800CCED44 /* Reachability.swift */ = {isa = PBXFileReference; fileEncoding = 4; lastKnownFileType = sourcecode.swift; path = Reachability.swift; sourceTree = "<group>"; };
		486F8C3A1E29A2B800C43CB5 /* Profile.entitlements */ = {isa = PBXFileReference; lastKnownFileType = text.plist.entitlements; path = Profile.entitlements; sourceTree = "<group>"; };
		488C78881E11F236009C5549 /* Medication.swift */ = {isa = PBXFileReference; fileEncoding = 4; lastKnownFileType = sourcecode.swift; path = Medication.swift; sourceTree = "<group>"; };
		488F218A1E14A3CC00084B5D /* LoginVC.swift */ = {isa = PBXFileReference; fileEncoding = 4; lastKnownFileType = sourcecode.swift; path = LoginVC.swift; sourceTree = "<group>"; };
		48A3EC521DFCCD7900683867 /* Profile.app */ = {isa = PBXFileReference; explicitFileType = wrapper.application; includeInIndex = 0; path = Profile.app; sourceTree = BUILT_PRODUCTS_DIR; };
		48A3EC551DFCCD7900683867 /* AppDelegate.swift */ = {isa = PBXFileReference; lastKnownFileType = sourcecode.swift; path = AppDelegate.swift; sourceTree = "<group>"; };
		48A3EC5A1DFCCD7900683867 /* Base */ = {isa = PBXFileReference; lastKnownFileType = file.storyboard; name = Base; path = Base.lproj/Main.storyboard; sourceTree = "<group>"; };
		48A3EC5C1DFCCD7900683867 /* Assets.xcassets */ = {isa = PBXFileReference; lastKnownFileType = folder.assetcatalog; path = Assets.xcassets; sourceTree = "<group>"; };
		48A3EC5F1DFCCD7900683867 /* Base */ = {isa = PBXFileReference; lastKnownFileType = file.storyboard; name = Base; path = Base.lproj/LaunchScreen.storyboard; sourceTree = "<group>"; };
		48A3EC611DFCCD7900683867 /* Info.plist */ = {isa = PBXFileReference; lastKnownFileType = text.plist.xml; path = Info.plist; sourceTree = "<group>"; };
		48A3EC661DFCCD7A00683867 /* ProfileTests.xctest */ = {isa = PBXFileReference; explicitFileType = wrapper.cfbundle; includeInIndex = 0; path = ProfileTests.xctest; sourceTree = BUILT_PRODUCTS_DIR; };
		48A3EC6A1DFCCD7A00683867 /* ProfileTests.swift */ = {isa = PBXFileReference; lastKnownFileType = sourcecode.swift; path = ProfileTests.swift; sourceTree = "<group>"; };
		48A3EC6C1DFCCD7A00683867 /* Info.plist */ = {isa = PBXFileReference; lastKnownFileType = text.plist.xml; path = Info.plist; sourceTree = "<group>"; };
		48A3EC7A1DFCCE0900683867 /* MainVC.swift */ = {isa = PBXFileReference; fileEncoding = 4; lastKnownFileType = sourcecode.swift; path = MainVC.swift; sourceTree = "<group>"; };
		48A3EC7E1DFCD0C300683867 /* Plan.swift */ = {isa = PBXFileReference; fileEncoding = 4; lastKnownFileType = sourcecode.swift; path = Plan.swift; sourceTree = "<group>"; };
		48AEA30F1E1EC0BD00623C5B /* PatientMedsCell.swift */ = {isa = PBXFileReference; fileEncoding = 4; lastKnownFileType = sourcecode.swift; path = PatientMedsCell.swift; sourceTree = "<group>"; };
		48AEA3111E1EC61500623C5B /* PatientMedDetailVC.swift */ = {isa = PBXFileReference; fileEncoding = 4; lastKnownFileType = sourcecode.swift; path = PatientMedDetailVC.swift; sourceTree = "<group>"; };
		48B653681E16A29F00EB2327 /* AdminPatientViewVC.swift */ = {isa = PBXFileReference; fileEncoding = 4; lastKnownFileType = sourcecode.swift; path = AdminPatientViewVC.swift; sourceTree = "<group>"; };
		48B6536A1E16AACB00EB2327 /* MaterialViewRoundedCorner.swift */ = {isa = PBXFileReference; fileEncoding = 4; lastKnownFileType = sourcecode.swift; path = MaterialViewRoundedCorner.swift; sourceTree = "<group>"; };
		48B6536C1E16B2FB00EB2327 /* AdminPlanVC.swift */ = {isa = PBXFileReference; fileEncoding = 4; lastKnownFileType = sourcecode.swift; path = AdminPlanVC.swift; sourceTree = "<group>"; };
		48B6536E1E16B31000EB2327 /* AdminMedsVC.swift */ = {isa = PBXFileReference; fileEncoding = 4; lastKnownFileType = sourcecode.swift; path = AdminMedsVC.swift; sourceTree = "<group>"; };
		48BED37B1E1D6CD100EFF7EF /* EditMedVC.swift */ = {isa = PBXFileReference; fileEncoding = 4; lastKnownFileType = sourcecode.swift; path = EditMedVC.swift; sourceTree = "<group>"; };
		48C7470B1E136A9E0096682F /* Codes.swift */ = {isa = PBXFileReference; fileEncoding = 4; lastKnownFileType = sourcecode.swift; path = Codes.swift; sourceTree = "<group>"; };
		48C7470D1E136C280096682F /* DataService.swift */ = {isa = PBXFileReference; fileEncoding = 4; lastKnownFileType = sourcecode.swift; path = DataService.swift; sourceTree = "<group>"; };
		48C7470F1E136D540096682F /* Constants.swift */ = {isa = PBXFileReference; fileEncoding = 4; lastKnownFileType = sourcecode.swift; path = Constants.swift; sourceTree = "<group>"; };
		48D9AA331E1D5A2100F2C0BB /* AddMedVC.swift */ = {isa = PBXFileReference; fileEncoding = 4; lastKnownFileType = sourcecode.swift; path = AddMedVC.swift; sourceTree = "<group>"; };
		48DDF2F41E1375EA003A1C89 /* RegisterVC.swift */ = {isa = PBXFileReference; fileEncoding = 4; lastKnownFileType = sourcecode.swift; path = RegisterVC.swift; sourceTree = "<group>"; };
		48DFE19D1E1748700098AF36 /* MaterialTextView.swift */ = {isa = PBXFileReference; fileEncoding = 4; lastKnownFileType = sourcecode.swift; path = MaterialTextView.swift; sourceTree = "<group>"; };
		48E043421E135B3F003237ED /* AuthService.swift */ = {isa = PBXFileReference; fileEncoding = 4; lastKnownFileType = sourcecode.swift; path = AuthService.swift; sourceTree = "<group>"; };
		48E7E0CF1E1EA731005772E6 /* PatientMedsVC.swift */ = {isa = PBXFileReference; fileEncoding = 4; lastKnownFileType = sourcecode.swift; path = PatientMedsVC.swift; sourceTree = "<group>"; };
		48E9365E1E143A7600726A8E /* AdminMainVC.swift */ = {isa = PBXFileReference; fileEncoding = 4; lastKnownFileType = sourcecode.swift; path = AdminMainVC.swift; sourceTree = "<group>"; };
		48E936601E143A8400726A8E /* PatientMainVC.swift */ = {isa = PBXFileReference; fileEncoding = 4; lastKnownFileType = sourcecode.swift; path = PatientMainVC.swift; sourceTree = "<group>"; };
		48F1737C1E1C492B0096F1C2 /* MedsCell.swift */ = {isa = PBXFileReference; fileEncoding = 4; lastKnownFileType = sourcecode.swift; path = MedsCell.swift; sourceTree = "<group>"; };
		48F1737E1E1C4E360096F1C2 /* AdminMedsDetailVC.swift */ = {isa = PBXFileReference; fileEncoding = 4; lastKnownFileType = sourcecode.swift; path = AdminMedsDetailVC.swift; sourceTree = "<group>"; };
		48F9C6BF1E15A27200392CE6 /* MaterialView.swift */ = {isa = PBXFileReference; fileEncoding = 4; lastKnownFileType = sourcecode.swift; path = MaterialView.swift; sourceTree = "<group>"; };
		48F9C6C11E15A57400392CE6 /* Patient.swift */ = {isa = PBXFileReference; fileEncoding = 4; lastKnownFileType = sourcecode.swift; path = Patient.swift; sourceTree = "<group>"; };
/* End PBXFileReference section */

/* Begin PBXFrameworksBuildPhase section */
		48A3EC4F1DFCCD7900683867 /* Frameworks */ = {
			isa = PBXFrameworksBuildPhase;
			buildActionMask = 2147483647;
			files = (
			);
			runOnlyForDeploymentPostprocessing = 0;
		};
		48A3EC631DFCCD7A00683867 /* Frameworks */ = {
			isa = PBXFrameworksBuildPhase;
			buildActionMask = 2147483647;
			files = (
			);
			runOnlyForDeploymentPostprocessing = 0;
		};
/* End PBXFrameworksBuildPhase section */

/* Begin PBXGroup section */
		48A3EC491DFCCD7900683867 = {
			isa = PBXGroup;
			children = (
				48A3EC541DFCCD7900683867 /* Profile */,
				48A3EC691DFCCD7A00683867 /* ProfileTests */,
				48A3EC531DFCCD7900683867 /* Products */,
			);
			sourceTree = "<group>";
		};
		48A3EC531DFCCD7900683867 /* Products */ = {
			isa = PBXGroup;
			children = (
				48A3EC521DFCCD7900683867 /* Profile.app */,
				48A3EC661DFCCD7A00683867 /* ProfileTests.xctest */,
			);
			name = Products;
			sourceTree = "<group>";
		};
		48A3EC541DFCCD7900683867 /* Profile */ = {
			isa = PBXGroup;
			children = (
				486F8C3A1E29A2B800C43CB5 /* Profile.entitlements */,
				48A3EC751DFCCD8B00683867 /* Services */,
				48A3EC761DFCCD9200683867 /* Model */,
				48A3EC781DFCCD9B00683867 /* Controller */,
				48A3EC771DFCCD9700683867 /* View */,
				48A3EC791DFCCDAB00683867 /* Resources */,
			);
			path = Profile;
			sourceTree = "<group>";
		};
		48A3EC691DFCCD7A00683867 /* ProfileTests */ = {
			isa = PBXGroup;
			children = (
				48A3EC6A1DFCCD7A00683867 /* ProfileTests.swift */,
				48A3EC6C1DFCCD7A00683867 /* Info.plist */,
			);
			path = ProfileTests;
			sourceTree = "<group>";
		};
		48A3EC751DFCCD8B00683867 /* Services */ = {
			isa = PBXGroup;
			children = (
				48E043421E135B3F003237ED /* AuthService.swift */,
				48C7470D1E136C280096682F /* DataService.swift */,
				482CAA211E241A3800CCED44 /* Reachability.swift */,
			);
			name = Services;
			sourceTree = "<group>";
		};
		48A3EC761DFCCD9200683867 /* Model */ = {
			isa = PBXGroup;
			children = (
				48A3EC7E1DFCD0C300683867 /* Plan.swift */,
				488C78881E11F236009C5549 /* Medication.swift */,
				48C7470B1E136A9E0096682F /* Codes.swift */,
				48F9C6C11E15A57400392CE6 /* Patient.swift */,
			);
			name = Model;
			sourceTree = "<group>";
		};
		48A3EC771DFCCD9700683867 /* View */ = {
			isa = PBXGroup;
			children = (
				48A3EC5E1DFCCD7900683867 /* LaunchScreen.storyboard */,
				48A3EC591DFCCD7900683867 /* Main.storyboard */,
				482C97EB1E1082BD0048756D /* MaterialButton.swift */,
				482C97EF1E10852A0048756D /* MaterialTxtFld.swift */,
				480F84631E1583F300E7596E /* PatientCell.swift */,
				48F9C6BF1E15A27200392CE6 /* MaterialView.swift */,
				48B6536A1E16AACB00EB2327 /* MaterialViewRoundedCorner.swift */,
				48DFE19D1E1748700098AF36 /* MaterialTextView.swift */,
				48F1737C1E1C492B0096F1C2 /* MedsCell.swift */,
				48AEA30F1E1EC0BD00623C5B /* PatientMedsCell.swift */,
			);
			name = View;
			sourceTree = "<group>";
		};
		48A3EC781DFCCD9B00683867 /* Controller */ = {
			isa = PBXGroup;
			children = (
				48A3EC551DFCCD7900683867 /* AppDelegate.swift */,
				48A3EC7A1DFCCE0900683867 /* MainVC.swift */,
				482C97ED1E10845B0048756D /* ConfirmVC.swift */,
				48DDF2F41E1375EA003A1C89 /* RegisterVC.swift */,
				48E9365E1E143A7600726A8E /* AdminMainVC.swift */,
				48E936601E143A8400726A8E /* PatientMainVC.swift */,
				488F218A1E14A3CC00084B5D /* LoginVC.swift */,
				48B653681E16A29F00EB2327 /* AdminPatientViewVC.swift */,
				48B6536C1E16B2FB00EB2327 /* AdminPlanVC.swift */,
				48B6536E1E16B31000EB2327 /* AdminMedsVC.swift */,
				4814FB071E173F06007D00C4 /* AddPlanVC.swift */,
				4801DB561E19712A006B01BA /* EditPlanVC.swift */,
				48F1737E1E1C4E360096F1C2 /* AdminMedsDetailVC.swift */,
				48D9AA331E1D5A2100F2C0BB /* AddMedVC.swift */,
				48BED37B1E1D6CD100EFF7EF /* EditMedVC.swift */,
				48E7E0CF1E1EA731005772E6 /* PatientMedsVC.swift */,
				48AEA3111E1EC61500623C5B /* PatientMedDetailVC.swift */,
			);
			name = Controller;
			sourceTree = "<group>";
		};
		48A3EC791DFCCDAB00683867 /* Resources */ = {
			isa = PBXGroup;
			children = (
				48A3EC5C1DFCCD7900683867 /* Assets.xcassets */,
				48A3EC611DFCCD7900683867 /* Info.plist */,
				48C7470F1E136D540096682F /* Constants.swift */,
			);
			name = Resources;
			sourceTree = "<group>";
		};
/* End PBXGroup section */

/* Begin PBXNativeTarget section */
		48A3EC511DFCCD7900683867 /* Profile */ = {
			isa = PBXNativeTarget;
			buildConfigurationList = 48A3EC6F1DFCCD7A00683867 /* Build configuration list for PBXNativeTarget "Profile" */;
			buildPhases = (
				48A3EC4E1DFCCD7900683867 /* Sources */,
				48A3EC4F1DFCCD7900683867 /* Frameworks */,
				48A3EC501DFCCD7900683867 /* Resources */,
			);
			buildRules = (
			);
			dependencies = (
			);
			name = Profile;
			productName = Profile;
			productReference = 48A3EC521DFCCD7900683867 /* Profile.app */;
			productType = "com.apple.product-type.application";
		};
		48A3EC651DFCCD7A00683867 /* ProfileTests */ = {
			isa = PBXNativeTarget;
			buildConfigurationList = 48A3EC721DFCCD7A00683867 /* Build configuration list for PBXNativeTarget "ProfileTests" */;
			buildPhases = (
				48A3EC621DFCCD7A00683867 /* Sources */,
				48A3EC631DFCCD7A00683867 /* Frameworks */,
				48A3EC641DFCCD7A00683867 /* Resources */,
			);
			buildRules = (
			);
			dependencies = (
				48A3EC681DFCCD7A00683867 /* PBXTargetDependency */,
			);
			name = ProfileTests;
			productName = ProfileTests;
			productReference = 48A3EC661DFCCD7A00683867 /* ProfileTests.xctest */;
			productType = "com.apple.product-type.bundle.unit-test";
		};
/* End PBXNativeTarget section */

/* Begin PBXProject section */
		48A3EC4A1DFCCD7900683867 /* Project object */ = {
			isa = PBXProject;
			attributes = {
				LastSwiftUpdateCheck = 0810;
				LastUpgradeCheck = 0810;
				ORGANIZATIONNAME = "Maher Aldemerdash";
				TargetAttributes = {
					48A3EC511DFCCD7900683867 = {
						CreatedOnToolsVersion = 8.1;
						DevelopmentTeam = J46335Z6MG;
						ProvisioningStyle = Automatic;
						SystemCapabilities = {
							com.apple.Push = {
								enabled = 1;
							};
						};
					};
					48A3EC651DFCCD7A00683867 = {
						CreatedOnToolsVersion = 8.1;
						DevelopmentTeam = J46335Z6MG;
						ProvisioningStyle = Automatic;
						TestTargetID = 48A3EC511DFCCD7900683867;
					};
				};
			};
			buildConfigurationList = 48A3EC4D1DFCCD7900683867 /* Build configuration list for PBXProject "Profile" */;
			compatibilityVersion = "Xcode 3.2";
			developmentRegion = English;
			hasScannedForEncodings = 0;
			knownRegions = (
				en,
				Base,
			);
			mainGroup = 48A3EC491DFCCD7900683867;
			productRefGroup = 48A3EC531DFCCD7900683867 /* Products */;
			projectDirPath = "";
			projectRoot = "";
			targets = (
				48A3EC511DFCCD7900683867 /* Profile */,
				48A3EC651DFCCD7A00683867 /* ProfileTests */,
			);
		};
/* End PBXProject section */

/* Begin PBXResourcesBuildPhase section */
		48A3EC501DFCCD7900683867 /* Resources */ = {
			isa = PBXResourcesBuildPhase;
			buildActionMask = 2147483647;
			files = (
				48A3EC601DFCCD7900683867 /* LaunchScreen.storyboard in Resources */,
				48A3EC5D1DFCCD7900683867 /* Assets.xcassets in Resources */,
				48A3EC5B1DFCCD7900683867 /* Main.storyboard in Resources */,
			);
			runOnlyForDeploymentPostprocessing = 0;
		};
		48A3EC641DFCCD7A00683867 /* Resources */ = {
			isa = PBXResourcesBuildPhase;
			buildActionMask = 2147483647;
			files = (
			);
			runOnlyForDeploymentPostprocessing = 0;
		};
/* End PBXResourcesBuildPhase section */

/* Begin PBXSourcesBuildPhase section */
		48A3EC4E1DFCCD7900683867 /* Sources */ = {
			isa = PBXSourcesBuildPhase;
			buildActionMask = 2147483647;
			files = (
				48DFE19E1E1748700098AF36 /* MaterialTextView.swift in Sources */,
				482C97EE1E10845B0048756D /* ConfirmVC.swift in Sources */,
				4814FB081E173F06007D00C4 /* AddPlanVC.swift in Sources */,
				48AEA3101E1EC0BD00623C5B /* PatientMedsCell.swift in Sources */,
				48F1737F1E1C4E360096F1C2 /* AdminMedsDetailVC.swift in Sources */,
				48B6536F1E16B31100EB2327 /* AdminMedsVC.swift in Sources */,
				48BED37C1E1D6CD100EFF7EF /* EditMedVC.swift in Sources */,
				48C747101E136D540096682F /* Constants.swift in Sources */,
				48C7470C1E136A9E0096682F /* Codes.swift in Sources */,
				488C78891E11F236009C5549 /* Medication.swift in Sources */,
				48AEA3121E1EC61500623C5B /* PatientMedDetailVC.swift in Sources */,
				48B6536D1E16B2FB00EB2327 /* AdminPlanVC.swift in Sources */,
				48A3EC7F1DFCD0C300683867 /* Plan.swift in Sources */,
				4801DB571E19712A006B01BA /* EditPlanVC.swift in Sources */,
				48E9365F1E143A7600726A8E /* AdminMainVC.swift in Sources */,
				48A3EC561DFCCD7900683867 /* AppDelegate.swift in Sources */,
				48D9AA341E1D5A2100F2C0BB /* AddMedVC.swift in Sources */,
				482C97EC1E1082BD0048756D /* MaterialButton.swift in Sources */,
				482C97F01E10852A0048756D /* MaterialTxtFld.swift in Sources */,
				48F1737D1E1C492B0096F1C2 /* MedsCell.swift in Sources */,
				48A3EC7B1DFCCE0900683867 /* MainVC.swift in Sources */,
				48DDF2F51E1375EA003A1C89 /* RegisterVC.swift in Sources */,
				48B653691E16A29F00EB2327 /* AdminPatientViewVC.swift in Sources */,
				48F9C6C21E15A57400392CE6 /* Patient.swift in Sources */,
				48E936611E143A8400726A8E /* PatientMainVC.swift in Sources */,
				48E7E0D01E1EA731005772E6 /* PatientMedsVC.swift in Sources */,
				480F84641E1583F300E7596E /* PatientCell.swift in Sources */,
				48E043431E135B3F003237ED /* AuthService.swift in Sources */,
				48C7470E1E136C280096682F /* DataService.swift in Sources */,
				482CAA221E241A3800CCED44 /* Reachability.swift in Sources */,
				488F218B1E14A3CC00084B5D /* LoginVC.swift in Sources */,
				48B6536B1E16AACB00EB2327 /* MaterialViewRoundedCorner.swift in Sources */,
				48F9C6C01E15A27200392CE6 /* MaterialView.swift in Sources */,
			);
			runOnlyForDeploymentPostprocessing = 0;
		};
		48A3EC621DFCCD7A00683867 /* Sources */ = {
			isa = PBXSourcesBuildPhase;
			buildActionMask = 2147483647;
			files = (
				48A3EC6B1DFCCD7A00683867 /* ProfileTests.swift in Sources */,
			);
			runOnlyForDeploymentPostprocessing = 0;
		};
/* End PBXSourcesBuildPhase section */

/* Begin PBXTargetDependency section */
		48A3EC681DFCCD7A00683867 /* PBXTargetDependency */ = {
			isa = PBXTargetDependency;
			target = 48A3EC511DFCCD7900683867 /* Profile */;
			targetProxy = 48A3EC671DFCCD7A00683867 /* PBXContainerItemProxy */;
		};
/* End PBXTargetDependency section */

/* Begin PBXVariantGroup section */
		48A3EC591DFCCD7900683867 /* Main.storyboard */ = {
			isa = PBXVariantGroup;
			children = (
				48A3EC5A1DFCCD7900683867 /* Base */,
			);
			name = Main.storyboard;
			sourceTree = "<group>";
		};
		48A3EC5E1DFCCD7900683867 /* LaunchScreen.storyboard */ = {
			isa = PBXVariantGroup;
			children = (
				48A3EC5F1DFCCD7900683867 /* Base */,
			);
			name = LaunchScreen.storyboard;
			sourceTree = "<group>";
		};
/* End PBXVariantGroup section */

/* Begin XCBuildConfiguration section */
		48A3EC6D1DFCCD7A00683867 /* Debug */ = {
			isa = XCBuildConfiguration;
			buildSettings = {
				ALWAYS_SEARCH_USER_PATHS = NO;
				CLANG_ANALYZER_NONNULL = YES;
				CLANG_CXX_LANGUAGE_STANDARD = "gnu++0x";
				CLANG_CXX_LIBRARY = "libc++";
				CLANG_ENABLE_MODULES = YES;
				CLANG_ENABLE_OBJC_ARC = YES;
				CLANG_WARN_BOOL_CONVERSION = YES;
				CLANG_WARN_CONSTANT_CONVERSION = YES;
				CLANG_WARN_DIRECT_OBJC_ISA_USAGE = YES_ERROR;
				CLANG_WARN_DOCUMENTATION_COMMENTS = YES;
				CLANG_WARN_EMPTY_BODY = YES;
				CLANG_WARN_ENUM_CONVERSION = YES;
				CLANG_WARN_INFINITE_RECURSION = YES;
				CLANG_WARN_INT_CONVERSION = YES;
				CLANG_WARN_OBJC_ROOT_CLASS = YES_ERROR;
				CLANG_WARN_SUSPICIOUS_MOVES = YES;
				CLANG_WARN_UNREACHABLE_CODE = YES;
				CLANG_WARN__DUPLICATE_METHOD_MATCH = YES;
				"CODE_SIGN_IDENTITY[sdk=iphoneos*]" = "iPhone Developer";
				COPY_PHASE_STRIP = NO;
				DEBUG_INFORMATION_FORMAT = dwarf;
				ENABLE_STRICT_OBJC_MSGSEND = YES;
				ENABLE_TESTABILITY = YES;
				GCC_C_LANGUAGE_STANDARD = gnu99;
				GCC_DYNAMIC_NO_PIC = NO;
				GCC_NO_COMMON_BLOCKS = YES;
				GCC_OPTIMIZATION_LEVEL = 0;
				GCC_PREPROCESSOR_DEFINITIONS = (
					"DEBUG=1",
					"$(inherited)",
				);
				GCC_WARN_64_TO_32_BIT_CONVERSION = YES;
				GCC_WARN_ABOUT_RETURN_TYPE = YES_ERROR;
				GCC_WARN_UNDECLARED_SELECTOR = YES;
				GCC_WARN_UNINITIALIZED_AUTOS = YES_AGGRESSIVE;
				GCC_WARN_UNUSED_FUNCTION = YES;
				GCC_WARN_UNUSED_VARIABLE = YES;
				IPHONEOS_DEPLOYMENT_TARGET = 10.1;
				MTL_ENABLE_DEBUG_INFO = YES;
				ONLY_ACTIVE_ARCH = YES;
				SDKROOT = iphoneos;
				SWIFT_ACTIVE_COMPILATION_CONDITIONS = DEBUG;
				SWIFT_OPTIMIZATION_LEVEL = "-Onone";
				TARGETED_DEVICE_FAMILY = "1,2";
			};
			name = Debug;
		};
		48A3EC6E1DFCCD7A00683867 /* Release */ = {
			isa = XCBuildConfiguration;
			buildSettings = {
				ALWAYS_SEARCH_USER_PATHS = NO;
				CLANG_ANALYZER_NONNULL = YES;
				CLANG_CXX_LANGUAGE_STANDARD = "gnu++0x";
				CLANG_CXX_LIBRARY = "libc++";
				CLANG_ENABLE_MODULES = YES;
				CLANG_ENABLE_OBJC_ARC = YES;
				CLANG_WARN_BOOL_CONVERSION = YES;
				CLANG_WARN_CONSTANT_CONVERSION = YES;
				CLANG_WARN_DIRECT_OBJC_ISA_USAGE = YES_ERROR;
				CLANG_WARN_DOCUMENTATION_COMMENTS = YES;
				CLANG_WARN_EMPTY_BODY = YES;
				CLANG_WARN_ENUM_CONVERSION = YES;
				CLANG_WARN_INFINITE_RECURSION = YES;
				CLANG_WARN_INT_CONVERSION = YES;
				CLANG_WARN_OBJC_ROOT_CLASS = YES_ERROR;
				CLANG_WARN_SUSPICIOUS_MOVES = YES;
				CLANG_WARN_UNREACHABLE_CODE = YES;
				CLANG_WARN__DUPLICATE_METHOD_MATCH = YES;
				"CODE_SIGN_IDENTITY[sdk=iphoneos*]" = "iPhone Developer";
				COPY_PHASE_STRIP = NO;
				DEBUG_INFORMATION_FORMAT = "dwarf-with-dsym";
				ENABLE_NS_ASSERTIONS = NO;
				ENABLE_STRICT_OBJC_MSGSEND = YES;
				GCC_C_LANGUAGE_STANDARD = gnu99;
				GCC_NO_COMMON_BLOCKS = YES;
				GCC_WARN_64_TO_32_BIT_CONVERSION = YES;
				GCC_WARN_ABOUT_RETURN_TYPE = YES_ERROR;
				GCC_WARN_UNDECLARED_SELECTOR = YES;
				GCC_WARN_UNINITIALIZED_AUTOS = YES_AGGRESSIVE;
				GCC_WARN_UNUSED_FUNCTION = YES;
				GCC_WARN_UNUSED_VARIABLE = YES;
				IPHONEOS_DEPLOYMENT_TARGET = 10.1;
				MTL_ENABLE_DEBUG_INFO = NO;
				SDKROOT = iphoneos;
				SWIFT_OPTIMIZATION_LEVEL = "-Owholemodule";
				TARGETED_DEVICE_FAMILY = "1,2";
				VALIDATE_PRODUCT = YES;
			};
			name = Release;
		};
		48A3EC701DFCCD7A00683867 /* Debug */ = {
			isa = XCBuildConfiguration;
			buildSettings = {
				ASSETCATALOG_COMPILER_APPICON_NAME = AppIcon;
				CODE_SIGN_ENTITLEMENTS = Profile/Profile.entitlements;
				DEVELOPMENT_TEAM = J46335Z6MG;
				INFOPLIST_FILE = Profile/Info.plist;
				LD_RUNPATH_SEARCH_PATHS = "$(inherited) @executable_path/Frameworks";
				PRODUCT_BUNDLE_IDENTIFIER = com.maheration.Profile;
				PRODUCT_NAME = "$(TARGET_NAME)";
				SWIFT_VERSION = 3.0;
			};
			name = Debug;
		};
		48A3EC711DFCCD7A00683867 /* Release */ = {
			isa = XCBuildConfiguration;
			buildSettings = {
				ASSETCATALOG_COMPILER_APPICON_NAME = AppIcon;
				CODE_SIGN_ENTITLEMENTS = Profile/Profile.entitlements;
				DEVELOPMENT_TEAM = J46335Z6MG;
				INFOPLIST_FILE = Profile/Info.plist;
				LD_RUNPATH_SEARCH_PATHS = "$(inherited) @executable_path/Frameworks";
				PRODUCT_BUNDLE_IDENTIFIER = com.maheration.Profile;
				PRODUCT_NAME = "$(TARGET_NAME)";
				SWIFT_VERSION = 3.0;
			};
			name = Release;
		};
		48A3EC731DFCCD7A00683867 /* Debug */ = {
			isa = XCBuildConfiguration;
			buildSettings = {
				ALWAYS_EMBED_SWIFT_STANDARD_LIBRARIES = YES;
				BUNDLE_LOADER = "$(TEST_HOST)";
				DEVELOPMENT_TEAM = J46335Z6MG;
				INFOPLIST_FILE = ProfileTests/Info.plist;
				LD_RUNPATH_SEARCH_PATHS = "$(inherited) @executable_path/Frameworks @loader_path/Frameworks";
				PRODUCT_BUNDLE_IDENTIFIER = com.maheration.ProfileTests;
				PRODUCT_NAME = "$(TARGET_NAME)";
				SWIFT_VERSION = 3.0;
				TEST_HOST = "$(BUILT_PRODUCTS_DIR)/Profile.app/Profile";
			};
			name = Debug;
		};
		48A3EC741DFCCD7A00683867 /* Release */ = {
			isa = XCBuildConfiguration;
			buildSettings = {
				ALWAYS_EMBED_SWIFT_STANDARD_LIBRARIES = YES;
				BUNDLE_LOADER = "$(TEST_HOST)";
				DEVELOPMENT_TEAM = J46335Z6MG;
				INFOPLIST_FILE = ProfileTests/Info.plist;
				LD_RUNPATH_SEARCH_PATHS = "$(inherited) @executable_path/Frameworks @loader_path/Frameworks";
				PRODUCT_BUNDLE_IDENTIFIER = com.maheration.ProfileTests;
				PRODUCT_NAME = "$(TARGET_NAME)";
				SWIFT_VERSION = 3.0;
				TEST_HOST = "$(BUILT_PRODUCTS_DIR)/Profile.app/Profile";
			};
			name = Release;
		};
/* End XCBuildConfiguration section */

/* Begin XCConfigurationList section */
		48A3EC4D1DFCCD7900683867 /* Build configuration list for PBXProject "Profile" */ = {
			isa = XCConfigurationList;
			buildConfigurations = (
				48A3EC6D1DFCCD7A00683867 /* Debug */,
				48A3EC6E1DFCCD7A00683867 /* Release */,
			);
			defaultConfigurationIsVisible = 0;
			defaultConfigurationName = Release;
		};
		48A3EC6F1DFCCD7A00683867 /* Build configuration list for PBXNativeTarget "Profile" */ = {
			isa = XCConfigurationList;
			buildConfigurations = (
				48A3EC701DFCCD7A00683867 /* Debug */,
				48A3EC711DFCCD7A00683867 /* Release */,
			);
			defaultConfigurationIsVisible = 0;
			defaultConfigurationName = Release;
		};
		48A3EC721DFCCD7A00683867 /* Build configuration list for PBXNativeTarget "ProfileTests" */ = {
			isa = XCConfigurationList;
			buildConfigurations = (
				48A3EC731DFCCD7A00683867 /* Debug */,
				48A3EC741DFCCD7A00683867 /* Release */,
			);
			defaultConfigurationIsVisible = 0;
			defaultConfigurationName = Release;
		};
/* End XCConfigurationList section */
	};
	rootObject = 48A3EC4A1DFCCD7900683867 /* Project object */;
}
